{
  "name": "modern-unix-and-c",
  "version": "0.2.0",
  "lockfileVersion": 3,
  "requires": true,
  "packages": {
    "": {
      "name": "modern-unix-and-c",
      "version": "0.2.0",
      "bin": {
        "modern-unix-c": "bin/modern-unix-c.mjs"
      },
      "engines": {
        "node": ">=20"
      }
    }
  }
}
